
Microsoft Visual Studio Solution File, Format Version 12.00
# Visual Studio Version 18
VisualStudioVersion = 18.7.11919.86
MinimumVisualStudioVersion = 10.0.40219.1
Project("{2150E333-8FDC-42A3-9474-1A3956D46DE8}") = "API", "API", "{02EA681E-C7D8-13C7-8484-4AC65E1B71E8}"
EndProject
Project("{FAE04EC0-301F-11D3-BF4B-00C04F79EFBC}") = "SGMC.Api", "SGMC.Api\SGMC.Api.csproj", "{CC27442C-AE9A-4430-BF6B-8BF1EBFE3EF0}"
EndProject
Project("{2150E333-8FDC-42A3-9474-1A3956D46DE8}") = "CORE", "CORE", "{69EEF409-25BB-46FF-BA5E-76545C7F62A5}"
EndProject
Project("{FAE04EC0-301F-11D3-BF4B-00C04F79EFBC}") = "SGMC.Application", "SGMC.Application\SGMC.Application.csproj", "{1F3288FB-6094-4268-A6AB-22C2ABD0DE13}"
EndProject
Project("{FAE04EC0-301F-11D3-BF4B-00C04F79EFBC}") = "SGMC.Domain", "SGMC.Domain\SGMC.Domain.csproj", "{694CC8EE-614F-494A-ABD7-A65686F04911}"
EndProject
Project("{2150E333-8FDC-42A3-9474-1A3956D46DE8}") = "INFRASTRUCTURE", "INFRASTRUCTURE", "{DD805952-17CE-4870-9361-56DB82D5C223}"
EndProject
Project("{FAE04EC0-301F-11D3-BF4B-00C04F79EFBC}") = "SGMC.Infrastructure", "SGMC.Infrastructure\SGMC.Infrastructure.csproj", "{1C373160-AEDB-4D86-8278-D5442F142349}"
EndProject
Project("{FAE04EC0-301F-11D3-BF4B-00C04F79EFBC}") = "SGMC.Persistence", "SGMC.Persistence\SGMC.Persistence.csproj", "{591F7311-EC87-4AC2-B44D-B91439C5125F}"
EndProject
Project("{2150E333-8FDC-42A3-9474-1A3956D46DE8}") = "PRESENTATION", "PRESENTATION", "{53116D15-3EA3-4D7A-B55F-D5B3C7E1A6B5}"
EndProject
Project("{2150E333-8FDC-42A3-9474-1A3956D46DE8}") = "TEST", "TEST", "{5F1EEF41-C9DA-4675-AF95-433AE19E7D9A}"
EndProject
Project("{FAE04EC0-301F-11D3-BF4B-00C04F79EFBC}") = "SGMC.Web", "SGMC.Web\SGMC.Web.csproj", "{146E9192-C0E9-49C9-9E41-104ADFCC5387}"
EndProject
Project("{FAE04EC0-301F-11D3-BF4B-00C04F79EFBC}") = "SGMC.Tests", "SGM.Tests\SGMC.Tests.csproj", "{8A4B8506-E1D7-405B-851D-2F9A9DABD959}"
EndProject
Global
	GlobalSection(SolutionConfigurationPlatforms) = preSolution
		Debug|Any CPU = Debug|Any CPU
		Release|Any CPU = Release|Any CPU
	EndGlobalSection
	GlobalSection(ProjectConfigurationPlatforms) = postSolution
		{CC27442C-AE9A-4430-BF6B-8BF1EBFE3EF0}.Debug|Any CPU.ActiveCfg = Debug|Any CPU
		{CC27442C-AE9A-4430-BF6B-8BF1EBFE3EF0}.Debug|Any CPU.Build.0 = Debug|Any CPU
		{CC27442C-AE9A-4430-BF6B-8BF1EBFE3EF0}.Release|Any CPU.ActiveCfg = Release|Any CPU
		{CC27442C-AE9A-4430-BF6B-8BF1EBFE3EF0}.Release|Any CPU.Build.0 = Release|Any CPU
		{1F3288FB-6094-4268-A6AB-22C2ABD0DE13}.Debug|Any CPU.ActiveCfg = Debug|Any CPU
		{1F3288FB-6094-4268-A6AB-22C2ABD0DE13}.Debug|Any CPU.Build.0 = Debug|Any CPU
		{1F3288FB-6094-4268-A6AB-22C2ABD0DE13}.Release|Any CPU.ActiveCfg = Release|Any CPU
		{1F3288FB-6094-4268-A6AB-22C2ABD0DE13}.Release|Any CPU.Build.0 = Release|Any CPU
		{694CC8EE-614F-494A-ABD7-A65686F04911}.Debug|Any CPU.ActiveCfg = Debug|Any CPU
		{694CC8EE-614F-494A-ABD7-A65686F04911}.Debug|Any CPU.Build.0 = Debug|Any CPU
		{694CC8EE-614F-494A-ABD7-A65686F04911}.Release|Any CPU.ActiveCfg = Release|Any CPU
		{694CC8EE-614F-494A-ABD7-A65686F04911}.Release|Any CPU.Build.0 = Release|Any CPU
		{1C373160-AEDB-4D86-8278-D5442F142349}.Debug|Any CPU.ActiveCfg = Debug|Any CPU
		{1C373160-AEDB-4D86-8278-D5442F142349}.Debug|Any CPU.Build.0 = Debug|Any CPU
		{1C373160-AEDB-4D86-8278-D5442F142349}.Release|Any CPU.ActiveCfg = Release|Any CPU
		{1C373160-AEDB-4D86-8278-D5442F142349}.Release|Any CPU.Build.0 = Release|Any CPU
		{591F7311-EC87-4AC2-B44D-B91439C5125F}.Debug|Any CPU.ActiveCfg = Debug|Any CPU
		{591F7311-EC87-4AC2-B44D-B91439C5125F}.Debug|Any CPU.Build.0 = Debug|Any CPU
		{591F7311-EC87-4AC2-B44D-B91439C5125F}.Release|Any CPU.ActiveCfg = Release|Any CPU
		{591F7311-EC87-4AC2-B44D-B91439C5125F}.Release|Any CPU.Build.0 = Release|Any CPU
		{146E9192-C0E9-49C9-9E41-104ADFCC5387}.Debug|Any CPU.ActiveCfg = Debug|Any CPU
		{146E9192-C0E9-49C9-9E41-104ADFCC5387}.Debug|Any CPU.Build.0 = Debug|Any CPU
		{146E9192-C0E9-49C9-9E41-104ADFCC5387}.Release|Any CPU.ActiveCfg = Release|Any CPU
		{146E9192-C0E9-49C9-9E41-104ADFCC5387}.Release|Any CPU.Build.0 = Release|Any CPU
		{8A4B8506-E1D7-405B-851D-2F9A9DABD959}.Debug|Any CPU.ActiveCfg = Debug|Any CPU
		{8A4B8506-E1D7-405B-851D-2F9A9DABD959}.Debug|Any CPU.Build.0 = Debug|Any CPU
		{8A4B8506-E1D7-405B-851D-2F9A9DABD959}.Release|Any CPU.ActiveCfg = Release|Any CPU
		{8A4B8506-E1D7-405B-851D-2F9A9DABD959}.Release|Any CPU.Build.0 = Release|Any CPU
	EndGlobalSection
	GlobalSection(SolutionProperties) = preSolution
		HideSolutionNode = FALSE
	EndGlobalSection
	GlobalSection(NestedProjects) = preSolution
		{CC27442C-AE9A-4430-BF6B-8BF1EBFE3EF0} = {02EA681E-C7D8-13C7-8484-4AC65E1B71E8}
		{1F3288FB-6094-4268-A6AB-22C2ABD0DE13} = {69EEF409-25BB-46FF-BA5E-76545C7F62A5}
		{694CC8EE-614F-494A-ABD7-A65686F04911} = {69EEF409-25BB-46FF-BA5E-76545C7F62A5}
		{1C373160-AEDB-4D86-8278-D5442F142349} = {DD805952-17CE-4870-9361-56DB82D5C223}
		{591F7311-EC87-4AC2-B44D-B91439C5125F} = {DD805952-17CE-4870-9361-56DB82D5C223}
		{146E9192-C0E9-49C9-9E41-104ADFCC5387} = {53116D15-3EA3-4D7A-B55F-D5B3C7E1A6B5}
		{8A4B8506-E1D7-405B-851D-2F9A9DABD959} = {5F1EEF41-C9DA-4675-AF95-433AE19E7D9A}
	EndGlobalSection
	GlobalSection(ExtensibilityGlobals) = postSolution
		SolutionGuid = {7D162EAB-7B22-44E6-8798-AA4227288E15}
	EndGlobalSection
EndGlobal
